
Microsoft Visual Studio Solution File, Format Version 12.00
# Visual Studio 14
VisualStudioVersion = 14.0.25420.1
MinimumVisualStudioVersion = 10.0.40219.1
Project("{2150E333-8FDC-42A3-9474-1A3956D46DE8}") = "src", "src", "{FFE122A9-1907-452D-8DA5-779C2B71EFD8}"
EndProject
Project("{2150E333-8FDC-42A3-9474-1A3956D46DE8}") = "Solution Items", "Solution Items", "{DEE7CDAF-1587-416D-91D3-4DCE5133B026}"
	ProjectSection(SolutionItems) = preProject
		global.json = global.json
	EndProjectSection
EndProject
Project("{8BB2217D-0F2D-49D1-97BC-3654ED321F3B}") = "Invento", "src\Invento\Invento.xproj", "{C327E609-52A4-4AB0-A1D3-B62648627E62}"
EndProject
Global
	GlobalSection(SolutionConfigurationPlatforms) = preSolution
		Debug|Any CPU = Debug|Any CPU
		Release|Any CPU = Release|Any CPU
	EndGlobalSection
	GlobalSection(ProjectConfigurationPlatforms) = postSolution
		{C327E609-52A4-4AB0-A1D3-B62648627E62}.Debug|Any CPU.ActiveCfg = Debug|Any CPU
		{C327E609-52A4-4AB0-A1D3-B62648627E62}.Debug|Any CPU.Build.0 = Debug|Any CPU
		{C327E609-52A4-4AB0-A1D3-B62648627E62}.Release|Any CPU.ActiveCfg = Release|Any CPU
		{C327E609-52A4-4AB0-A1D3-B62648627E62}.Release|Any CPU.Build.0 = Release|Any CPU
	EndGlobalSection
	GlobalSection(SolutionProperties) = preSolution
		HideSolutionNode = FALSE
	EndGlobalSection
	GlobalSection(NestedProjects) = preSolution
		{C327E609-52A4-4AB0-A1D3-B62648627E62} = {FFE122A9-1907-452D-8DA5-779C2B71EFD8}
	EndGlobalSection
EndGlobal
